<?xml version="1.0" encoding="utf-8"?>
<Project ToolsVersion="4.0" xmlns="http://schemas.microsoft.com/developer/msbuild/2003">
  <ItemGroup>
    <Filter Include="Source Files">
      <UniqueIdentifier>{4FC737F1-C7A5-4376-A066-2A32D752A2FF}</UniqueIdentifier>
      <Extensions>cpp;c;cc;cxx;def;odl;idl;hpj;bat;asm;asmx</Extensions>
    </Filter>
    <Filter Include="Header Files">
      <UniqueIdentifier>{93995380-89BD-4b04-88EB-625FBE52EBFB}</UniqueIdentifier>
      <Extensions>h;hh;hpp;hxx;hm;inl;inc;ipp;xsd</Extensions>
    </Filter>
    <Filter Include="Resource Files">
      <UniqueIdentifier>{67DA6AB6-F800-4c08-8B7A-83BB121AAD01}</UniqueIdentifier>
      <Extensions>rc;ico;cur;bmp;dlg;rc2;rct;bin;rgs;gif;jpg;jpeg;jpe;resx;tiff;tif;png;wav;mfcribbon-ms</Extensions>
    </Filter>
    <Filter Include="Class Headers">
      <UniqueIdentifier>{c953d560-5ef0-4b99-96f3-7b11085eb901}</UniqueIdentifier>
    </Filter>
    <Filter Include="Class Source">
      <UniqueIdentifier>{a56c7bb6-a9d3-445a-866a-db708ebca082}</UniqueIdentifier>
    </Filter>
  </ItemGroup>
  <ItemGroup>
    <ClInclude Include="pch.h">
      <Filter>Header Files</Filter>
    </ClInclude>
    <ClInclude Include="MonopolyHeader.hpp">
      <Filter>Header Files</Filter>
    </ClInclude>
    <ClInclude Include="CSquare.h">
      <Filter>Class Headers</Filter>
    </ClInclude>
    <ClInclude Include="CAirport.h">
      <Filter>Class Headers</Filter>
    </ClInclude>
    <ClInclude Include="CBonus.h">
      <Filter>Class Headers</Filter>
    </ClInclude>
    <ClInclude Include="CPlayer.h">
      <Filter>Class Headers</Filter>
    </ClInclude>
    <ClInclude Include="CProperty.h">
      <Filter>Class Headers</Filter>
    </ClInclude>
    <ClInclude Include="CGoToJail.h">
      <Filter>Class Headers</Filter>
    </ClInclude>
    <ClInclude Include="CPenalty.h">
      <Filter>Class Headers</Filter>
    </ClInclude>
    <ClInclude Include="CFreeParking.h">
      <Filter>Class Headers</Filter>
    </ClInclude>
    <ClInclude Include="AllTheClasses.h">
      <Filter>Header Files</Filter>
    </ClInclude>
    <ClInclude Include="CGo.h">
      <Filter>Class Headers</Filter>
    </ClInclude>
    <ClInclude Include="CJustVisiting.h">
      <Filter>Class Headers</Filter>
    </ClInclude>
  </ItemGroup>
  <ItemGroup>
    <ClCompile Include="pch.cpp">
      <Filter>Source Files</Filter>
    </ClCompile>
    <ClCompile Include="Monopoly2.cpp">
      <Filter>Source Files</Filter>
    </ClCompile>
    <ClCompile Include="CAirport.cpp">
      <Filter>Class Source</Filter>
    </ClCompile>
    <ClCompile Include="CBonus.cpp">
      <Filter>Class Source</Filter>
    </ClCompile>
    <ClCompile Include="CPlayer.cpp">
      <Filter>Class Source</Filter>
    </ClCompile>
    <ClCompile Include="CProperty.cpp">
      <Filter>Class Source</Filter>
    </ClCompile>
    <ClCompile Include="CSquare.cpp">
      <Filter>Class Source</Filter>
    </ClCompile>
    <ClCompile Include="CGoToJail.cpp">
      <Filter>Class Source</Filter>
    </ClCompile>
    <ClCompile Include="CPenalty.cpp">
      <Filter>Class Source</Filter>
    </ClCompile>
    <ClCompile Include="CFreeParking.cpp">
      <Filter>Class Source</Filter>
    </ClCompile>
    <ClCompile Include="CGo.cpp">
      <Filter>Class Source</Filter>
    </ClCompile>
    <ClCompile Include="CJustVisiting.cpp">
      <Filter>Class Source</Filter>
    </ClCompile>
  </ItemGroup>
</Project>